
Microsoft Visual Studio Solution File, Format Version 12.00
# Visual Studio Version 16
VisualStudioVersion = 16.0.31005.135
MinimumVisualStudioVersion = 10.0.40219.1
Project("{FAE04EC0-301F-11D3-BF4B-00C04F79EFBC}") = "CollectionLists", "CollectionLists\CollectionLists.csproj", "{745C4931-E113-42E0-BEBE-08898B6C1353}"
EndProject
Project("{FAE04EC0-301F-11D3-BF4B-00C04F79EFBC}") = "NUnitCollectionListTests", "NUnitCollectionListTests\NUnitCollectionListTests.csproj", "{A45D207D-E795-4044-98D9-CA475073B5D3}"
EndProject
Global
	GlobalSection(SolutionConfigurationPlatforms) = preSolution
		Debug|Any CPU = Debug|Any CPU
		Release|Any CPU = Release|Any CPU
	EndGlobalSection
	GlobalSection(ProjectConfigurationPlatforms) = postSolution
		{745C4931-E113-42E0-BEBE-08898B6C1353}.Debug|Any CPU.ActiveCfg = Debug|Any CPU
		{745C4931-E113-42E0-BEBE-08898B6C1353}.Debug|Any CPU.Build.0 = Debug|Any CPU
		{745C4931-E113-42E0-BEBE-08898B6C1353}.Release|Any CPU.ActiveCfg = Release|Any CPU
		{745C4931-E113-42E0-BEBE-08898B6C1353}.Release|Any CPU.Build.0 = Release|Any CPU
		{A45D207D-E795-4044-98D9-CA475073B5D3}.Debug|Any CPU.ActiveCfg = Debug|Any CPU
		{A45D207D-E795-4044-98D9-CA475073B5D3}.Debug|Any CPU.Build.0 = Debug|Any CPU
		{A45D207D-E795-4044-98D9-CA475073B5D3}.Release|Any CPU.ActiveCfg = Release|Any CPU
		{A45D207D-E795-4044-98D9-CA475073B5D3}.Release|Any CPU.Build.0 = Release|Any CPU
	EndGlobalSection
	GlobalSection(SolutionProperties) = preSolution
		HideSolutionNode = FALSE
	EndGlobalSection
	GlobalSection(ExtensibilityGlobals) = postSolution
		SolutionGuid = {17D63ED1-41CD-4A72-938C-963DBD5A8893}
	EndGlobalSection
EndGlobal
